// !$*UTF8*$!
{
	archiveVersion = 1;
	classes = {
	};
	objectVersion = 56;
	objects = {

/* Begin PBXBuildFile section */
		56B68A1F2B519580003A3CB0 /* AppDelegate.swift in Sources */ = {isa = PBXBuildFile; fileRef = 56B68A1E2B519580003A3CB0 /* AppDelegate.swift */; };
		56B68A212B519580003A3CB0 /* SceneDelegate.swift in Sources */ = {isa = PBXBuildFile; fileRef = 56B68A202B519580003A3CB0 /* SceneDelegate.swift */; };
		56B68A232B519580003A3CB0 /* MainViewController.swift in Sources */ = {isa = PBXBuildFile; fileRef = 56B68A222B519580003A3CB0 /* MainViewController.swift */; };
		56B68A282B519582003A3CB0 /* Assets.xcassets in Resources */ = {isa = PBXBuildFile; fileRef = 56B68A272B519582003A3CB0 /* Assets.xcassets */; };
		56B68A2B2B519582003A3CB0 /* LaunchScreen.storyboard in Resources */ = {isa = PBXBuildFile; fileRef = 56B68A292B519582003A3CB0 /* LaunchScreen.storyboard */; };
		56B68A352B51991A003A3CB0 /* Extensions.swift in Sources */ = {isa = PBXBuildFile; fileRef = 56B68A342B51991A003A3CB0 /* Extensions.swift */; };
		56B68A372B519924003A3CB0 /* Constants.swift in Sources */ = {isa = PBXBuildFile; fileRef = 56B68A362B519924003A3CB0 /* Constants.swift */; };
		56B68A3A2B519935003A3CB0 /* Builder.swift in Sources */ = {isa = PBXBuildFile; fileRef = 56B68A392B519935003A3CB0 /* Builder.swift */; };
		56B68A3D2B519952003A3CB0 /* NetworkServiceProtocol.swift in Sources */ = {isa = PBXBuildFile; fileRef = 56B68A3C2B519952003A3CB0 /* NetworkServiceProtocol.swift */; };
		56B68A3F2B51995B003A3CB0 /* NetworkService.swift in Sources */ = {isa = PBXBuildFile; fileRef = 56B68A3E2B51995B003A3CB0 /* NetworkService.swift */; };
		56B68A422B51998E003A3CB0 /* DetailViewPresenter.swift in Sources */ = {isa = PBXBuildFile; fileRef = 56B68A412B51998E003A3CB0 /* DetailViewPresenter.swift */; };
		56B68A442B51999C003A3CB0 /* MainViewPresenter.swift in Sources */ = {isa = PBXBuildFile; fileRef = 56B68A432B51999C003A3CB0 /* MainViewPresenter.swift */; };
		56B68A472B5199C3003A3CB0 /* DetailViewController.swift in Sources */ = {isa = PBXBuildFile; fileRef = 56B68A462B5199C3003A3CB0 /* DetailViewController.swift */; };
		56B68A4A2B519A55003A3CB0 /* FoodItemTableViewCell.swift in Sources */ = {isa = PBXBuildFile; fileRef = 56B68A492B519A55003A3CB0 /* FoodItemTableViewCell.swift */; };
		56B68A4D2B519A84003A3CB0 /* Comment.swift in Sources */ = {isa = PBXBuildFile; fileRef = 56B68A4C2B519A84003A3CB0 /* Comment.swift */; };
		56B68A4F2B519A8D003A3CB0 /* FoodItem.swift in Sources */ = {isa = PBXBuildFile; fileRef = 56B68A4E2B519A8D003A3CB0 /* FoodItem.swift */; };
		56B68A512B519A98003A3CB0 /* Nutrients.swift in Sources */ = {isa = PBXBuildFile; fileRef = 56B68A502B519A98003A3CB0 /* Nutrients.swift */; };
		56B68A532B523771003A3CB0 /* CategoryCollectionViewCell.swift in Sources */ = {isa = PBXBuildFile; fileRef = 56B68A522B523771003A3CB0 /* CategoryCollectionViewCell.swift */; };
		56B68A592B5284C7003A3CB0 /* SFUIDisplay-Medium.otf in Resources */ = {isa = PBXBuildFile; fileRef = 56B68A552B5284C7003A3CB0 /* SFUIDisplay-Medium.otf */; };
		56B68A5A2B5284C7003A3CB0 /* SFUIDisplay-Regular.ttf in Resources */ = {isa = PBXBuildFile; fileRef = 56B68A562B5284C7003A3CB0 /* SFUIDisplay-Regular.ttf */; };
		56B68A5B2B5284C7003A3CB0 /* SFUIDisplay-Semibold.otf in Resources */ = {isa = PBXBuildFile; fileRef = 56B68A572B5284C7003A3CB0 /* SFUIDisplay-Semibold.otf */; };
		56B68A5C2B5284C7003A3CB0 /* SFUIDisplay-Bold.otf in Resources */ = {isa = PBXBuildFile; fileRef = 56B68A582B5284C7003A3CB0 /* SFUIDisplay-Bold.otf */; };
		56B68A5E2B5288DC003A3CB0 /* BannerCollectionViewCell.swift in Sources */ = {isa = PBXBuildFile; fileRef = 56B68A5D2B5288DC003A3CB0 /* BannerCollectionViewCell.swift */; };
		7C5B234396A1F5C4CAD5E97D /* Pods_testAppHammer.framework in Frameworks */ = {isa = PBXBuildFile; fileRef = CE6E6940D645303D84E10490 /* Pods_testAppHammer.framework */; };
/* End PBXBuildFile section */

/* Begin PBXFileReference section */
		56B68A1B2B519580003A3CB0 /* testAppHammer.app */ = {isa = PBXFileReference; explicitFileType = wrapper.application; includeInIndex = 0; path = testAppHammer.app; sourceTree = BUILT_PRODUCTS_DIR; };
		56B68A1E2B519580003A3CB0 /* AppDelegate.swift */ = {isa = PBXFileReference; lastKnownFileType = sourcecode.swift; path = AppDelegate.swift; sourceTree = "<group>"; };
		56B68A202B519580003A3CB0 /* SceneDelegate.swift */ = {isa = PBXFileReference; lastKnownFileType = sourcecode.swift; path = SceneDelegate.swift; sourceTree = "<group>"; };
		56B68A222B519580003A3CB0 /* MainViewController.swift */ = {isa = PBXFileReference; lastKnownFileType = sourcecode.swift; path = MainViewController.swift; sourceTree = "<group>"; };
		56B68A272B519582003A3CB0 /* Assets.xcassets */ = {isa = PBXFileReference; lastKnownFileType = folder.assetcatalog; path = Assets.xcassets; sourceTree = "<group>"; };
		56B68A2A2B519582003A3CB0 /* Base */ = {isa = PBXFileReference; lastKnownFileType = file.storyboard; name = Base; path = Base.lproj/LaunchScreen.storyboard; sourceTree = "<group>"; };
		56B68A2C2B519582003A3CB0 /* Info.plist */ = {isa = PBXFileReference; lastKnownFileType = text.plist.xml; path = Info.plist; sourceTree = "<group>"; };
		56B68A342B51991A003A3CB0 /* Extensions.swift */ = {isa = PBXFileReference; lastKnownFileType = sourcecode.swift; path = Extensions.swift; sourceTree = "<group>"; };
		56B68A362B519924003A3CB0 /* Constants.swift */ = {isa = PBXFileReference; lastKnownFileType = sourcecode.swift; path = Constants.swift; sourceTree = "<group>"; };
		56B68A392B519935003A3CB0 /* Builder.swift */ = {isa = PBXFileReference; lastKnownFileType = sourcecode.swift; path = Builder.swift; sourceTree = "<group>"; };
		56B68A3C2B519952003A3CB0 /* NetworkServiceProtocol.swift */ = {isa = PBXFileReference; lastKnownFileType = sourcecode.swift; path = NetworkServiceProtocol.swift; sourceTree = "<group>"; };
		56B68A3E2B51995B003A3CB0 /* NetworkService.swift */ = {isa = PBXFileReference; lastKnownFileType = sourcecode.swift; path = NetworkService.swift; sourceTree = "<group>"; };
		56B68A412B51998E003A3CB0 /* DetailViewPresenter.swift */ = {isa = PBXFileReference; lastKnownFileType = sourcecode.swift; path = DetailViewPresenter.swift; sourceTree = "<group>"; };
		56B68A432B51999C003A3CB0 /* MainViewPresenter.swift */ = {isa = PBXFileReference; lastKnownFileType = sourcecode.swift; path = MainViewPresenter.swift; sourceTree = "<group>"; };
		56B68A462B5199C3003A3CB0 /* DetailViewController.swift */ = {isa = PBXFileReference; lastKnownFileType = sourcecode.swift; path = DetailViewController.swift; sourceTree = "<group>"; };
		56B68A492B519A55003A3CB0 /* FoodItemTableViewCell.swift */ = {isa = PBXFileReference; lastKnownFileType = sourcecode.swift; path = FoodItemTableViewCell.swift; sourceTree = "<group>"; };
		56B68A4C2B519A84003A3CB0 /* Comment.swift */ = {isa = PBXFileReference; lastKnownFileType = sourcecode.swift; path = Comment.swift; sourceTree = "<group>"; };
		56B68A4E2B519A8D003A3CB0 /* FoodItem.swift */ = {isa = PBXFileReference; lastKnownFileType = sourcecode.swift; path = FoodItem.swift; sourceTree = "<group>"; };
		56B68A502B519A98003A3CB0 /* Nutrients.swift */ = {isa = PBXFileReference; lastKnownFileType = sourcecode.swift; path = Nutrients.swift; sourceTree = "<group>"; };
		56B68A522B523771003A3CB0 /* CategoryCollectionViewCell.swift */ = {isa = PBXFileReference; lastKnownFileType = sourcecode.swift; path = CategoryCollectionViewCell.swift; sourceTree = "<group>"; };
		56B68A552B5284C7003A3CB0 /* SFUIDisplay-Medium.otf */ = {isa = PBXFileReference; lastKnownFileType = file; path = "SFUIDisplay-Medium.otf"; sourceTree = "<group>"; };
		56B68A562B5284C7003A3CB0 /* SFUIDisplay-Regular.ttf */ = {isa = PBXFileReference; lastKnownFileType = file; path = "SFUIDisplay-Regular.ttf"; sourceTree = "<group>"; };
		56B68A572B5284C7003A3CB0 /* SFUIDisplay-Semibold.otf */ = {isa = PBXFileReference; lastKnownFileType = file; path = "SFUIDisplay-Semibold.otf"; sourceTree = "<group>"; };
		56B68A582B5284C7003A3CB0 /* SFUIDisplay-Bold.otf */ = {isa = PBXFileReference; lastKnownFileType = file; path = "SFUIDisplay-Bold.otf"; sourceTree = "<group>"; };
		56B68A5D2B5288DC003A3CB0 /* BannerCollectionViewCell.swift */ = {isa = PBXFileReference; lastKnownFileType = sourcecode.swift; path = BannerCollectionViewCell.swift; sourceTree = "<group>"; };
		CE6E6940D645303D84E10490 /* Pods_testAppHammer.framework */ = {isa = PBXFileReference; explicitFileType = wrapper.framework; includeInIndex = 0; path = Pods_testAppHammer.framework; sourceTree = BUILT_PRODUCTS_DIR; };
		E07E7875E1B126D66BDE8D31 /* Pods-testAppHammer.debug.xcconfig */ = {isa = PBXFileReference; includeInIndex = 1; lastKnownFileType = text.xcconfig; name = "Pods-testAppHammer.debug.xcconfig"; path = "Target Support Files/Pods-testAppHammer/Pods-testAppHammer.debug.xcconfig"; sourceTree = "<group>"; };
		EA021BB322AEA52A1FE9514B /* Pods-testAppHammer.release.xcconfig */ = {isa = PBXFileReference; includeInIndex = 1; lastKnownFileType = text.xcconfig; name = "Pods-testAppHammer.release.xcconfig"; path = "Target Support Files/Pods-testAppHammer/Pods-testAppHammer.release.xcconfig"; sourceTree = "<group>"; };
/* End PBXFileReference section */

/* Begin PBXFrameworksBuildPhase section */
		56B68A182B519580003A3CB0 /* Frameworks */ = {
			isa = PBXFrameworksBuildPhase;
			buildActionMask = 2147483647;
			files = (
				7C5B234396A1F5C4CAD5E97D /* Pods_testAppHammer.framework in Frameworks */,
			);
			runOnlyForDeploymentPostprocessing = 0;
		};
/* End PBXFrameworksBuildPhase section */

/* Begin PBXGroup section */
		142D2BDC27873D0EE4CB5F47 /* Frameworks */ = {
			isa = PBXGroup;
			children = (
				CE6E6940D645303D84E10490 /* Pods_testAppHammer.framework */,
			);
			name = Frameworks;
			sourceTree = "<group>";
		};
		3B956F51A719BDBC543E8F82 /* Pods */ = {
			isa = PBXGroup;
			children = (
				E07E7875E1B126D66BDE8D31 /* Pods-testAppHammer.debug.xcconfig */,
				EA021BB322AEA52A1FE9514B /* Pods-testAppHammer.release.xcconfig */,
			);
			path = Pods;
			sourceTree = "<group>";
		};
		56B68A122B519580003A3CB0 = {
			isa = PBXGroup;
			children = (
				56B68A1D2B519580003A3CB0 /* testAppHammer */,
				56B68A1C2B519580003A3CB0 /* Products */,
				3B956F51A719BDBC543E8F82 /* Pods */,
				142D2BDC27873D0EE4CB5F47 /* Frameworks */,
			);
			sourceTree = "<group>";
		};
		56B68A1C2B519580003A3CB0 /* Products */ = {
			isa = PBXGroup;
			children = (
				56B68A1B2B519580003A3CB0 /* testAppHammer.app */,
			);
			name = Products;
			sourceTree = "<group>";
		};
		56B68A1D2B519580003A3CB0 /* testAppHammer */ = {
			isa = PBXGroup;
			children = (
				56B68A4B2B519A76003A3CB0 /* Model */,
				56B68A452B5199AA003A3CB0 /* View */,
				56B68A402B519964003A3CB0 /* Presenter */,
				56B68A3B2B519940003A3CB0 /* Networking */,
				56B68A382B519929003A3CB0 /* Builder */,
				56B68A332B519900003A3CB0 /* Utilities */,
				56B68A322B5198E7003A3CB0 /* Supportin_Files */,
				56B68A2C2B519582003A3CB0 /* Info.plist */,
			);
			path = testAppHammer;
			sourceTree = "<group>";
		};
		56B68A322B5198E7003A3CB0 /* Supportin_Files */ = {
			isa = PBXGroup;
			children = (
				56B68A542B5284B9003A3CB0 /* Fonts */,
				56B68A1E2B519580003A3CB0 /* AppDelegate.swift */,
				56B68A202B519580003A3CB0 /* SceneDelegate.swift */,
				56B68A272B519582003A3CB0 /* Assets.xcassets */,
				56B68A292B519582003A3CB0 /* LaunchScreen.storyboard */,
			);
			path = Supportin_Files;
			sourceTree = "<group>";
		};
		56B68A332B519900003A3CB0 /* Utilities */ = {
			isa = PBXGroup;
			children = (
				56B68A342B51991A003A3CB0 /* Extensions.swift */,
				56B68A362B519924003A3CB0 /* Constants.swift */,
			);
			path = Utilities;
			sourceTree = "<group>";
		};
		56B68A382B519929003A3CB0 /* Builder */ = {
			isa = PBXGroup;
			children = (
				56B68A392B519935003A3CB0 /* Builder.swift */,
			);
			path = Builder;
			sourceTree = "<group>";
		};
		56B68A3B2B519940003A3CB0 /* Networking */ = {
			isa = PBXGroup;
			children = (
				56B68A3E2B51995B003A3CB0 /* NetworkService.swift */,
				56B68A3C2B519952003A3CB0 /* NetworkServiceProtocol.swift */,
			);
			path = Networking;
			sourceTree = "<group>";
		};
		56B68A402B519964003A3CB0 /* Presenter */ = {
			isa = PBXGroup;
			children = (
				56B68A432B51999C003A3CB0 /* MainViewPresenter.swift */,
				56B68A412B51998E003A3CB0 /* DetailViewPresenter.swift */,
			);
			path = Presenter;
			sourceTree = "<group>";
		};
		56B68A452B5199AA003A3CB0 /* View */ = {
			isa = PBXGroup;
			children = (
				56B68A222B519580003A3CB0 /* MainViewController.swift */,
				56B68A462B5199C3003A3CB0 /* DetailViewController.swift */,
				56B68A482B5199D9003A3CB0 /* CustomCells */,
			);
			path = View;
			sourceTree = "<group>";
		};
		56B68A482B5199D9003A3CB0 /* CustomCells */ = {
			isa = PBXGroup;
			children = (
				56B68A492B519A55003A3CB0 /* FoodItemTableViewCell.swift */,
				56B68A522B523771003A3CB0 /* CategoryCollectionViewCell.swift */,
				56B68A5D2B5288DC003A3CB0 /* BannerCollectionViewCell.swift */,
			);
			path = CustomCells;
			sourceTree = "<group>";
		};
		56B68A4B2B519A76003A3CB0 /* Model */ = {
			isa = PBXGroup;
			children = (
				56B68A4C2B519A84003A3CB0 /* Comment.swift */,
				56B68A4E2B519A8D003A3CB0 /* FoodItem.swift */,
				56B68A502B519A98003A3CB0 /* Nutrients.swift */,
			);
			path = Model;
			sourceTree = "<group>";
		};
		56B68A542B5284B9003A3CB0 /* Fonts */ = {
			isa = PBXGroup;
			children = (
				56B68A582B5284C7003A3CB0 /* SFUIDisplay-Bold.otf */,
				56B68A552B5284C7003A3CB0 /* SFUIDisplay-Medium.otf */,
				56B68A562B5284C7003A3CB0 /* SFUIDisplay-Regular.ttf */,
				56B68A572B5284C7003A3CB0 /* SFUIDisplay-Semibold.otf */,
			);
			path = Fonts;
			sourceTree = "<group>";
		};
/* End PBXGroup section */

/* Begin PBXNativeTarget section */
		56B68A1A2B519580003A3CB0 /* testAppHammer */ = {
			isa = PBXNativeTarget;
			buildConfigurationList = 56B68A2F2B519582003A3CB0 /* Build configuration list for PBXNativeTarget "testAppHammer" */;
			buildPhases = (
				DC7EB677AF0E75227BA0DD81 /* [CP] Check Pods Manifest.lock */,
				56B68A172B519580003A3CB0 /* Sources */,
				56B68A182B519580003A3CB0 /* Frameworks */,
				56B68A192B519580003A3CB0 /* Resources */,
				0C95F04265C037E2B165EDA3 /* [CP] Embed Pods Frameworks */,
			);
			buildRules = (
			);
			dependencies = (
			);
			name = testAppHammer;
			productName = testAppHammer;
			productReference = 56B68A1B2B519580003A3CB0 /* testAppHammer.app */;
			productType = "com.apple.product-type.application";
		};
/* End PBXNativeTarget section */

/* Begin PBXProject section */
		56B68A132B519580003A3CB0 /* Project object */ = {
			isa = PBXProject;
			attributes = {
				BuildIndependentTargetsInParallel = 1;
				LastSwiftUpdateCheck = 1510;
				LastUpgradeCheck = 1510;
				TargetAttributes = {
					56B68A1A2B519580003A3CB0 = {
						CreatedOnToolsVersion = 15.1;
					};
				};
			};
			buildConfigurationList = 56B68A162B519580003A3CB0 /* Build configuration list for PBXProject "testAppHammer" */;
			compatibilityVersion = "Xcode 14.0";
			developmentRegion = en;
			hasScannedForEncodings = 0;
			knownRegions = (
				en,
				Base,
			);
			mainGroup = 56B68A122B519580003A3CB0;
			productRefGroup = 56B68A1C2B519580003A3CB0 /* Products */;
			projectDirPath = "";
			projectRoot = "";
			targets = (
				56B68A1A2B519580003A3CB0 /* testAppHammer */,
			);
		};
/* End PBXProject section */

/* Begin PBXResourcesBuildPhase section */
		56B68A192B519580003A3CB0 /* Resources */ = {
			isa = PBXResourcesBuildPhase;
			buildActionMask = 2147483647;
			files = (
				56B68A592B5284C7003A3CB0 /* SFUIDisplay-Medium.otf in Resources */,
				56B68A2B2B519582003A3CB0 /* LaunchScreen.storyboard in Resources */,
				56B68A282B519582003A3CB0 /* Assets.xcassets in Resources */,
				56B68A5B2B5284C7003A3CB0 /* SFUIDisplay-Semibold.otf in Resources */,
				56B68A5C2B5284C7003A3CB0 /* SFUIDisplay-Bold.otf in Resources */,
				56B68A5A2B5284C7003A3CB0 /* SFUIDisplay-Regular.ttf in Resources */,
			);
			runOnlyForDeploymentPostprocessing = 0;
		};
/* End PBXResourcesBuildPhase section */

/* Begin PBXShellScriptBuildPhase section */
		0C95F04265C037E2B165EDA3 /* [CP] Embed Pods Frameworks */ = {
			isa = PBXShellScriptBuildPhase;
			buildActionMask = 2147483647;
			files = (
			);
			inputFileListPaths = (
				"${PODS_ROOT}/Target Support Files/Pods-testAppHammer/Pods-testAppHammer-frameworks-${CONFIGURATION}-input-files.xcfilelist",
			);
			name = "[CP] Embed Pods Frameworks";
			outputFileListPaths = (
				"${PODS_ROOT}/Target Support Files/Pods-testAppHammer/Pods-testAppHammer-frameworks-${CONFIGURATION}-output-files.xcfilelist",
			);
			runOnlyForDeploymentPostprocessing = 0;
			shellPath = /bin/sh;
			shellScript = "\"${PODS_ROOT}/Target Support Files/Pods-testAppHammer/Pods-testAppHammer-frameworks.sh\"\n";
			showEnvVarsInLog = 0;
		};
		DC7EB677AF0E75227BA0DD81 /* [CP] Check Pods Manifest.lock */ = {
			isa = PBXShellScriptBuildPhase;
			buildActionMask = 2147483647;
			files = (
			);
			inputFileListPaths = (
			);
			inputPaths = (
				"${PODS_PODFILE_DIR_PATH}/Podfile.lock",
				"${PODS_ROOT}/Manifest.lock",
			);
			name = "[CP] Check Pods Manifest.lock";
			outputFileListPaths = (
			);
			outputPaths = (
				"$(DERIVED_FILE_DIR)/Pods-testAppHammer-checkManifestLockResult.txt",
			);
			runOnlyForDeploymentPostprocessing = 0;
			shellPath = /bin/sh;
			shellScript = "diff \"${PODS_PODFILE_DIR_PATH}/Podfile.lock\" \"${PODS_ROOT}/Manifest.lock\" > /dev/null\nif [ $? != 0 ] ; then\n    # print error to STDERR\n    echo \"error: The sandbox is not in sync with the Podfile.lock. Run 'pod install' or update your CocoaPods installation.\" >&2\n    exit 1\nfi\n# This output is used by Xcode 'outputs' to avoid re-running this script phase.\necho \"SUCCESS\" > \"${SCRIPT_OUTPUT_FILE_0}\"\n";
			showEnvVarsInLog = 0;
		};
/* End PBXShellScriptBuildPhase section */

/* Begin PBXSourcesBuildPhase section */
		56B68A172B519580003A3CB0 /* Sources */ = {
			isa = PBXSourcesBuildPhase;
			buildActionMask = 2147483647;
			files = (
				56B68A532B523771003A3CB0 /* CategoryCollectionViewCell.swift in Sources */,
				56B68A4F2B519A8D003A3CB0 /* FoodItem.swift in Sources */,
				56B68A4A2B519A55003A3CB0 /* FoodItemTableViewCell.swift in Sources */,
				56B68A472B5199C3003A3CB0 /* DetailViewController.swift in Sources */,
				56B68A372B519924003A3CB0 /* Constants.swift in Sources */,
				56B68A512B519A98003A3CB0 /* Nutrients.swift in Sources */,
				56B68A232B519580003A3CB0 /* MainViewController.swift in Sources */,
				56B68A442B51999C003A3CB0 /* MainViewPresenter.swift in Sources */,
				56B68A3F2B51995B003A3CB0 /* NetworkService.swift in Sources */,
				56B68A1F2B519580003A3CB0 /* AppDelegate.swift in Sources */,
				56B68A422B51998E003A3CB0 /* DetailViewPresenter.swift in Sources */,
				56B68A4D2B519A84003A3CB0 /* Comment.swift in Sources */,
				56B68A3D2B519952003A3CB0 /* NetworkServiceProtocol.swift in Sources */,
				56B68A212B519580003A3CB0 /* SceneDelegate.swift in Sources */,
				56B68A352B51991A003A3CB0 /* Extensions.swift in Sources */,
				56B68A3A2B519935003A3CB0 /* Builder.swift in Sources */,
				56B68A5E2B5288DC003A3CB0 /* BannerCollectionViewCell.swift in Sources */,
			);
			runOnlyForDeploymentPostprocessing = 0;
		};
/* End PBXSourcesBuildPhase section */

/* Begin PBXVariantGroup section */
		56B68A292B519582003A3CB0 /* LaunchScreen.storyboard */ = {
			isa = PBXVariantGroup;
			children = (
				56B68A2A2B519582003A3CB0 /* Base */,
			);
			name = LaunchScreen.storyboard;
			sourceTree = "<group>";
		};
/* End PBXVariantGroup section */

/* Begin XCBuildConfiguration section */
		56B68A2D2B519582003A3CB0 /* Debug */ = {
			isa = XCBuildConfiguration;
			buildSettings = {
				ALWAYS_SEARCH_USER_PATHS = NO;
				ASSETCATALOG_COMPILER_GENERATE_SWIFT_ASSET_SYMBOL_EXTENSIONS = YES;
				CLANG_ANALYZER_NONNULL = YES;
				CLANG_ANALYZER_NUMBER_OBJECT_CONVERSION = YES_AGGRESSIVE;
				CLANG_CXX_LANGUAGE_STANDARD = "gnu++20";
				CLANG_ENABLE_MODULES = YES;
				CLANG_ENABLE_OBJC_ARC = YES;
				CLANG_ENABLE_OBJC_WEAK = YES;
				CLANG_WARN_BLOCK_CAPTURE_AUTORELEASING = YES;
				CLANG_WARN_BOOL_CONVERSION = YES;
				CLANG_WARN_COMMA = YES;
				CLANG_WARN_CONSTANT_CONVERSION = YES;
				CLANG_WARN_DEPRECATED_OBJC_IMPLEMENTATIONS = YES;
				CLANG_WARN_DIRECT_OBJC_ISA_USAGE = YES_ERROR;
				CLANG_WARN_DOCUMENTATION_COMMENTS = YES;
				CLANG_WARN_EMPTY_BODY = YES;
				CLANG_WARN_ENUM_CONVERSION = YES;
				CLANG_WARN_INFINITE_RECURSION = YES;
				CLANG_WARN_INT_CONVERSION = YES;
				CLANG_WARN_NON_LITERAL_NULL_CONVERSION = YES;
				CLANG_WARN_OBJC_IMPLICIT_RETAIN_SELF = YES;
				CLANG_WARN_OBJC_LITERAL_CONVERSION = YES;
				CLANG_WARN_OBJC_ROOT_CLASS = YES_ERROR;
				CLANG_WARN_QUOTED_INCLUDE_IN_FRAMEWORK_HEADER = YES;
				CLANG_WARN_RANGE_LOOP_ANALYSIS = YES;
				CLANG_WARN_STRICT_PROTOTYPES = YES;
				CLANG_WARN_SUSPICIOUS_MOVE = YES;
				CLANG_WARN_UNGUARDED_AVAILABILITY = YES_AGGRESSIVE;
				CLANG_WARN_UNREACHABLE_CODE = YES;
				CLANG_WARN__DUPLICATE_METHOD_MATCH = YES;
				COPY_PHASE_STRIP = NO;
				DEBUG_INFORMATION_FORMAT = dwarf;
				ENABLE_STRICT_OBJC_MSGSEND = YES;
				ENABLE_TESTABILITY = YES;
				ENABLE_USER_SCRIPT_SANDBOXING = NO;
				GCC_C_LANGUAGE_STANDARD = gnu17;
				GCC_DYNAMIC_NO_PIC = NO;
				GCC_NO_COMMON_BLOCKS = YES;
				GCC_OPTIMIZATION_LEVEL = 0;
				GCC_PREPROCESSOR_DEFINITIONS = (
					"DEBUG=1",
					"$(inherited)",
				);
				GCC_WARN_64_TO_32_BIT_CONVERSION = YES;
				GCC_WARN_ABOUT_RETURN_TYPE = YES_ERROR;
				GCC_WARN_UNDECLARED_SELECTOR = YES;
				GCC_WARN_UNINITIALIZED_AUTOS = YES_AGGRESSIVE;
				GCC_WARN_UNUSED_FUNCTION = YES;
				GCC_WARN_UNUSED_VARIABLE = YES;
				IPHONEOS_DEPLOYMENT_TARGET = 17.2;
				LOCALIZATION_PREFERS_STRING_CATALOGS = YES;
				MTL_ENABLE_DEBUG_INFO = INCLUDE_SOURCE;
				MTL_FAST_MATH = YES;
				ONLY_ACTIVE_ARCH = YES;
				SDKROOT = iphoneos;
				SWIFT_ACTIVE_COMPILATION_CONDITIONS = "DEBUG $(inherited)";
				SWIFT_OPTIMIZATION_LEVEL = "-Onone";
			};
			name = Debug;
		};
		56B68A2E2B519582003A3CB0 /* Release */ = {
			isa = XCBuildConfiguration;
			buildSettings = {
				ALWAYS_SEARCH_USER_PATHS = NO;
				ASSETCATALOG_COMPILER_GENERATE_SWIFT_ASSET_SYMBOL_EXTENSIONS = YES;
				CLANG_ANALYZER_NONNULL = YES;
				CLANG_ANALYZER_NUMBER_OBJECT_CONVERSION = YES_AGGRESSIVE;
				CLANG_CXX_LANGUAGE_STANDARD = "gnu++20";
				CLANG_ENABLE_MODULES = YES;
				CLANG_ENABLE_OBJC_ARC = YES;
				CLANG_ENABLE_OBJC_WEAK = YES;
				CLANG_WARN_BLOCK_CAPTURE_AUTORELEASING = YES;
				CLANG_WARN_BOOL_CONVERSION = YES;
				CLANG_WARN_COMMA = YES;
				CLANG_WARN_CONSTANT_CONVERSION = YES;
				CLANG_WARN_DEPRECATED_OBJC_IMPLEMENTATIONS = YES;
				CLANG_WARN_DIRECT_OBJC_ISA_USAGE = YES_ERROR;
				CLANG_WARN_DOCUMENTATION_COMMENTS = YES;
				CLANG_WARN_EMPTY_BODY = YES;
				CLANG_WARN_ENUM_CONVERSION = YES;
				CLANG_WARN_INFINITE_RECURSION = YES;
				CLANG_WARN_INT_CONVERSION = YES;
				CLANG_WARN_NON_LITERAL_NULL_CONVERSION = YES;
				CLANG_WARN_OBJC_IMPLICIT_RETAIN_SELF = YES;
				CLANG_WARN_OBJC_LITERAL_CONVERSION = YES;
				CLANG_WARN_OBJC_ROOT_CLASS = YES_ERROR;
				CLANG_WARN_QUOTED_INCLUDE_IN_FRAMEWORK_HEADER = YES;
				CLANG_WARN_RANGE_LOOP_ANALYSIS = YES;
				CLANG_WARN_STRICT_PROTOTYPES = YES;
				CLANG_WARN_SUSPICIOUS_MOVE = YES;
				CLANG_WARN_UNGUARDED_AVAILABILITY = YES_AGGRESSIVE;
				CLANG_WARN_UNREACHABLE_CODE = YES;
				CLANG_WARN__DUPLICATE_METHOD_MATCH = YES;
				COPY_PHASE_STRIP = NO;
				DEBUG_INFORMATION_FORMAT = "dwarf-with-dsym";
				ENABLE_NS_ASSERTIONS = NO;
				ENABLE_STRICT_OBJC_MSGSEND = YES;
				ENABLE_USER_SCRIPT_SANDBOXING = NO;
				GCC_C_LANGUAGE_STANDARD = gnu17;
				GCC_NO_COMMON_BLOCKS = YES;
				GCC_WARN_64_TO_32_BIT_CONVERSION = YES;
				GCC_WARN_ABOUT_RETURN_TYPE = YES_ERROR;
				GCC_WARN_UNDECLARED_SELECTOR = YES;
				GCC_WARN_UNINITIALIZED_AUTOS = YES_AGGRESSIVE;
				GCC_WARN_UNUSED_FUNCTION = YES;
				GCC_WARN_UNUSED_VARIABLE = YES;
				IPHONEOS_DEPLOYMENT_TARGET = 17.2;
				LOCALIZATION_PREFERS_STRING_CATALOGS = YES;
				MTL_ENABLE_DEBUG_INFO = NO;
				MTL_FAST_MATH = YES;
				SDKROOT = iphoneos;
				SWIFT_COMPILATION_MODE = wholemodule;
				VALIDATE_PRODUCT = YES;
			};
			name = Release;
		};
		56B68A302B519582003A3CB0 /* Debug */ = {
			isa = XCBuildConfiguration;
			baseConfigurationReference = E07E7875E1B126D66BDE8D31 /* Pods-testAppHammer.debug.xcconfig */;
			buildSettings = {
				ASSETCATALOG_COMPILER_APPICON_NAME = AppIcon;
				ASSETCATALOG_COMPILER_GLOBAL_ACCENT_COLOR_NAME = AccentColor;
				CODE_SIGN_STYLE = Automatic;
				CURRENT_PROJECT_VERSION = 1;
				GENERATE_INFOPLIST_FILE = YES;
				INFOPLIST_FILE = testAppHammer/Info.plist;
				INFOPLIST_KEY_UIApplicationSupportsIndirectInputEvents = YES;
				INFOPLIST_KEY_UILaunchStoryboardName = LaunchScreen;
				INFOPLIST_KEY_UISupportedInterfaceOrientations_iPad = "UIInterfaceOrientationPortrait UIInterfaceOrientationPortraitUpsideDown UIInterfaceOrientationLandscapeLeft UIInterfaceOrientationLandscapeRight";
				INFOPLIST_KEY_UISupportedInterfaceOrientations_iPhone = "UIInterfaceOrientationPortrait UIInterfaceOrientationLandscapeLeft UIInterfaceOrientationLandscapeRight";
				IPHONEOS_DEPLOYMENT_TARGET = 14.0;
				LD_RUNPATH_SEARCH_PATHS = (
					"$(inherited)",
					"@executable_path/Frameworks",
				);
				MARKETING_VERSION = 1.0;
				PRODUCT_BUNDLE_IDENTIFIER = "Altynbek-Dimoon.test.testAppHammer";
				PRODUCT_NAME = "$(TARGET_NAME)";
				SWIFT_EMIT_LOC_STRINGS = YES;
				SWIFT_VERSION = 5.0;
				TARGETED_DEVICE_FAMILY = "1,2";
			};
			name = Debug;
		};
		56B68A312B519582003A3CB0 /* Release */ = {
			isa = XCBuildConfiguration;
			baseConfigurationReference = EA021BB322AEA52A1FE9514B /* Pods-testAppHammer.release.xcconfig */;
			buildSettings = {
				ASSETCATALOG_COMPILER_APPICON_NAME = AppIcon;
				ASSETCATALOG_COMPILER_GLOBAL_ACCENT_COLOR_NAME = AccentColor;
				CODE_SIGN_STYLE = Automatic;
				CURRENT_PROJECT_VERSION = 1;
				GENERATE_INFOPLIST_FILE = YES;
				INFOPLIST_FILE = testAppHammer/Info.plist;
				INFOPLIST_KEY_UIApplicationSupportsIndirectInputEvents = YES;
				INFOPLIST_KEY_UILaunchStoryboardName = LaunchScreen;
				INFOPLIST_KEY_UISupportedInterfaceOrientations_iPad = "UIInterfaceOrientationPortrait UIInterfaceOrientationPortraitUpsideDown UIInterfaceOrientationLandscapeLeft UIInterfaceOrientationLandscapeRight";
				INFOPLIST_KEY_UISupportedInterfaceOrientations_iPhone = "UIInterfaceOrientationPortrait UIInterfaceOrientationLandscapeLeft UIInterfaceOrientationLandscapeRight";
				IPHONEOS_DEPLOYMENT_TARGET = 14.0;
				LD_RUNPATH_SEARCH_PATHS = (
					"$(inherited)",
					"@executable_path/Frameworks",
				);
				MARKETING_VERSION = 1.0;
				PRODUCT_BUNDLE_IDENTIFIER = "Altynbek-Dimoon.test.testAppHammer";
				PRODUCT_NAME = "$(TARGET_NAME)";
				SWIFT_EMIT_LOC_STRINGS = YES;
				SWIFT_VERSION = 5.0;
				TARGETED_DEVICE_FAMILY = "1,2";
			};
			name = Release;
		};
/* End XCBuildConfiguration section */

/* Begin XCConfigurationList section */
		56B68A162B519580003A3CB0 /* Build configuration list for PBXProject "testAppHammer" */ = {
			isa = XCConfigurationList;
			buildConfigurations = (
				56B68A2D2B519582003A3CB0 /* Debug */,
				56B68A2E2B519582003A3CB0 /* Release */,
			);
			defaultConfigurationIsVisible = 0;
			defaultConfigurationName = Release;
		};
		56B68A2F2B519582003A3CB0 /* Build configuration list for PBXNativeTarget "testAppHammer" */ = {
			isa = XCConfigurationList;
			buildConfigurations = (
				56B68A302B519582003A3CB0 /* Debug */,
				56B68A312B519582003A3CB0 /* Release */,
			);
			defaultConfigurationIsVisible = 0;
			defaultConfigurationName = Release;
		};
/* End XCConfigurationList section */
	};
	rootObject = 56B68A132B519580003A3CB0 /* Project object */;
}
